
Microsoft Visual Studio Solution File, Format Version 12.00
# Visual Studio Version 17
VisualStudioVersion = 17.7.34202.233
MinimumVisualStudioVersion = 10.0.40219.1
Project("{FAE04EC0-301F-11D3-BF4B-00C04F79EFBC}") = "DigitalBank", "DigitalBank\DigitalBank.csproj", "{83F9C1A8-2844-433E-B7F0-5E94A709D84C}"
EndProject
Global
	GlobalSection(SolutionConfigurationPlatforms) = preSolution
		Debug|Any CPU = Debug|Any CPU
		Release|Any CPU = Release|Any CPU
	EndGlobalSection
	GlobalSection(ProjectConfigurationPlatforms) = postSolution
		{83F9C1A8-2844-433E-B7F0-5E94A709D84C}.Debug|Any CPU.ActiveCfg = Debug|Any CPU
		{83F9C1A8-2844-433E-B7F0-5E94A709D84C}.Debug|Any CPU.Build.0 = Debug|Any CPU
		{83F9C1A8-2844-433E-B7F0-5E94A709D84C}.Release|Any CPU.ActiveCfg = Release|Any CPU
		{83F9C1A8-2844-433E-B7F0-5E94A709D84C}.Release|Any CPU.Build.0 = Release|Any CPU
	EndGlobalSection
	GlobalSection(SolutionProperties) = preSolution
		HideSolutionNode = FALSE
	EndGlobalSection
	GlobalSection(ExtensibilityGlobals) = postSolution
		SolutionGuid = {FEF34C1C-7A00-46A2-B5ED-A3E6B4E44324}
	EndGlobalSection
EndGlobal
